
Microsoft Visual Studio Solution File, Format Version 12.00
# Visual Studio 15
VisualStudioVersion = 15.0.26124.0
MinimumVisualStudioVersion = 15.0.26124.0
Project("{FAE04EC0-301F-11D3-BF4B-00C04F79EFBC}") = "WeevilWorld.Protocol", "WeevilWorld.Protocol\WeevilWorld.Protocol.csproj", "{DC17A577-AEAA-4579-9B21-5375E98E6AF8}"
EndProject
Project("{FAE04EC0-301F-11D3-BF4B-00C04F79EFBC}") = "WeevilWorld.Server", "WeevilWorld.Server\WeevilWorld.Server.csproj", "{19A7C916-5706-4CF9-A217-C9415F2C8D30}"
EndProject
Project("{2150E333-8FDC-42A3-9474-1A3956D46DE8}") = "ArcticFox", "ArcticFox", "{DFAD127F-3562-4335-B371-2E3E5CA03767}"
EndProject
Project("{FAE04EC0-301F-11D3-BF4B-00C04F79EFBC}") = "ArcticFox.Net", "ArcticFox\ArcticFox.Net\ArcticFox.Net.csproj", "{C9D86D65-5042-4B53-A136-44423B5DD562}"
EndProject
Project("{FAE04EC0-301F-11D3-BF4B-00C04F79EFBC}") = "ArcticFox.Codec", "ArcticFox\ArcticFox.Codec\ArcticFox.Codec.csproj", "{BDC06C49-9818-4527-BB88-4529D6F000D3}"
EndProject
Project("{FAE04EC0-301F-11D3-BF4B-00C04F79EFBC}") = "uTinyRipperCore", "UtinyRipper\uTinyRipperCore\uTinyRipperCore.csproj", "{9537613C-891B-4351-89C9-0FF9A57ADCFF}"
EndProject
Project("{2150E333-8FDC-42A3-9474-1A3956D46DE8}") = "Patcher", "Patcher", "{C8F2A5F7-A320-4A41-822B-FAFE5733ECCA}"
EndProject
Project("{FAE04EC0-301F-11D3-BF4B-00C04F79EFBC}") = "WeevilWorld.Patcher", "WeevilWorld.Patcher\WeevilWorld.Patcher.csproj", "{9D71CB0D-162A-4408-9EAA-76AEA822595F}"
EndProject
Project("{FAE04EC0-301F-11D3-BF4B-00C04F79EFBC}") = "ArcticFox.SmartFoxServer", "ArcticFox\ArcticFox.SmartFoxServer\ArcticFox.SmartFoxServer.csproj", "{F7ACED6B-2BEC-4C68-AE8A-0218AAD57269}"
EndProject
Project("{FAE04EC0-301F-11D3-BF4B-00C04F79EFBC}") = "ArcticFox.Tests.SmartFoxServer", "ArcticFox\ArcticFox.Tests.SmartFoxServer\ArcticFox.Tests.SmartFoxServer.csproj", "{E96D255C-156A-4D0C-A20F-558BD72D3FF3}"
EndProject
Project("{FAE04EC0-301F-11D3-BF4B-00C04F79EFBC}") = "ArcticFox.Tests", "ArcticFox\ArcticFox.Tests\ArcticFox.Tests.csproj", "{B33E253B-10FD-4AE6-90B6-BD3B8544A956}"
EndProject
Project("{FAE04EC0-301F-11D3-BF4B-00C04F79EFBC}") = "ArcticFox.RPC", "ArcticFox\ArcticFox.RPC\ArcticFox.RPC.csproj", "{8CF9B7F7-D277-4DC5-9E79-62D24D3746B3}"
EndProject
Project("{FAE04EC0-301F-11D3-BF4B-00C04F79EFBC}") = "ArcticFox.Perf", "ArcticFox\ArcticFox.Perf\ArcticFox.Perf.csproj", "{F37BB250-620C-48E8-A6BB-C9DA2336744A}"
EndProject
Project("{FAE04EC0-301F-11D3-BF4B-00C04F79EFBC}") = "ArcticFox.RPC.Generator", "ArcticFox\ArcticFox.RPC.Generator\ArcticFox.RPC.Generator.csproj", "{59AE8721-442C-4976-8DC0-DE14CDEFE738}"
EndProject
Project("{FAE04EC0-301F-11D3-BF4B-00C04F79EFBC}") = "BinWeevils.Protocol", "BinWeevils.Protocol\BinWeevils.Protocol.csproj", "{AF7D5F93-1CF8-484A-BA78-CE5043122E23}"
EndProject
Project("{FAE04EC0-301F-11D3-BF4B-00C04F79EFBC}") = "StackXML", "StackXML\StackXML\StackXML.csproj", "{56A71D9E-2F68-4B3E-9BC1-E48119657942}"
EndProject
Project("{FAE04EC0-301F-11D3-BF4B-00C04F79EFBC}") = "StackXML.Generator", "StackXML\StackXML.Generator\StackXML.Generator.csproj", "{2F759A36-E453-4D6E-9088-136800897B3C}"
EndProject
Project("{2150E333-8FDC-42A3-9474-1A3956D46DE8}") = "StackXML", "StackXML", "{56B665F5-567E-4B6D-AA9C-7D30A0D7F25B}"
EndProject
Project("{FAE04EC0-301F-11D3-BF4B-00C04F79EFBC}") = "BinWeevils.Server", "BinWeevils.Server\BinWeevils.Server.csproj", "{3B47F501-A41D-4667-9FF1-4E69B4F9F3DE}"
EndProject
Project("{FAE04EC0-301F-11D3-BF4B-00C04F79EFBC}") = "ArcticFox.PolyType.Amf", "ArcticFox.PolyType.Amf\ArcticFox.PolyType.Amf.csproj", "{DE9384F8-3BFA-402C-9BA9-495523B7758B}"
EndProject
Global
	GlobalSection(SolutionConfigurationPlatforms) = preSolution
		Debug|Any CPU = Debug|Any CPU
		Debug|x64 = Debug|x64
		Debug|x86 = Debug|x86
		Release|Any CPU = Release|Any CPU
		Release|x64 = Release|x64
		Release|x86 = Release|x86
	EndGlobalSection
	GlobalSection(SolutionProperties) = preSolution
		HideSolutionNode = FALSE
	EndGlobalSection
	GlobalSection(ProjectConfigurationPlatforms) = postSolution
		{DC17A577-AEAA-4579-9B21-5375E98E6AF8}.Debug|Any CPU.ActiveCfg = Debug|Any CPU
		{DC17A577-AEAA-4579-9B21-5375E98E6AF8}.Debug|Any CPU.Build.0 = Debug|Any CPU
		{DC17A577-AEAA-4579-9B21-5375E98E6AF8}.Debug|x64.ActiveCfg = Debug|Any CPU
		{DC17A577-AEAA-4579-9B21-5375E98E6AF8}.Debug|x64.Build.0 = Debug|Any CPU
		{DC17A577-AEAA-4579-9B21-5375E98E6AF8}.Debug|x86.ActiveCfg = Debug|Any CPU
		{DC17A577-AEAA-4579-9B21-5375E98E6AF8}.Debug|x86.Build.0 = Debug|Any CPU
		{DC17A577-AEAA-4579-9B21-5375E98E6AF8}.Release|Any CPU.ActiveCfg = Release|Any CPU
		{DC17A577-AEAA-4579-9B21-5375E98E6AF8}.Release|Any CPU.Build.0 = Release|Any CPU
		{DC17A577-AEAA-4579-9B21-5375E98E6AF8}.Release|x64.ActiveCfg = Release|Any CPU
		{DC17A577-AEAA-4579-9B21-5375E98E6AF8}.Release|x64.Build.0 = Release|Any CPU
		{DC17A577-AEAA-4579-9B21-5375E98E6AF8}.Release|x86.ActiveCfg = Release|Any CPU
		{DC17A577-AEAA-4579-9B21-5375E98E6AF8}.Release|x86.Build.0 = Release|Any CPU
		{19A7C916-5706-4CF9-A217-C9415F2C8D30}.Debug|Any CPU.ActiveCfg = Debug|Any CPU
		{19A7C916-5706-4CF9-A217-C9415F2C8D30}.Debug|Any CPU.Build.0 = Debug|Any CPU
		{19A7C916-5706-4CF9-A217-C9415F2C8D30}.Debug|x64.ActiveCfg = Debug|Any CPU
		{19A7C916-5706-4CF9-A217-C9415F2C8D30}.Debug|x64.Build.0 = Debug|Any CPU
		{19A7C916-5706-4CF9-A217-C9415F2C8D30}.Debug|x86.ActiveCfg = Debug|Any CPU
		{19A7C916-5706-4CF9-A217-C9415F2C8D30}.Debug|x86.Build.0 = Debug|Any CPU
		{19A7C916-5706-4CF9-A217-C9415F2C8D30}.Release|Any CPU.ActiveCfg = Release|Any CPU
		{19A7C916-5706-4CF9-A217-C9415F2C8D30}.Release|Any CPU.Build.0 = Release|Any CPU
		{19A7C916-5706-4CF9-A217-C9415F2C8D30}.Release|x64.ActiveCfg = Release|Any CPU
		{19A7C916-5706-4CF9-A217-C9415F2C8D30}.Release|x64.Build.0 = Release|Any CPU
		{19A7C916-5706-4CF9-A217-C9415F2C8D30}.Release|x86.ActiveCfg = Release|Any CPU
		{19A7C916-5706-4CF9-A217-C9415F2C8D30}.Release|x86.Build.0 = Release|Any CPU
		{C9D86D65-5042-4B53-A136-44423B5DD562}.Debug|Any CPU.ActiveCfg = Debug|Any CPU
		{C9D86D65-5042-4B53-A136-44423B5DD562}.Debug|Any CPU.Build.0 = Debug|Any CPU
		{C9D86D65-5042-4B53-A136-44423B5DD562}.Debug|x64.ActiveCfg = Debug|Any CPU
		{C9D86D65-5042-4B53-A136-44423B5DD562}.Debug|x64.Build.0 = Debug|Any CPU
		{C9D86D65-5042-4B53-A136-44423B5DD562}.Debug|x86.ActiveCfg = Debug|Any CPU
		{C9D86D65-5042-4B53-A136-44423B5DD562}.Debug|x86.Build.0 = Debug|Any CPU
		{C9D86D65-5042-4B53-A136-44423B5DD562}.Release|Any CPU.ActiveCfg = Release|Any CPU
		{C9D86D65-5042-4B53-A136-44423B5DD562}.Release|Any CPU.Build.0 = Release|Any CPU
		{C9D86D65-5042-4B53-A136-44423B5DD562}.Release|x64.ActiveCfg = Release|Any CPU
		{C9D86D65-5042-4B53-A136-44423B5DD562}.Release|x64.Build.0 = Release|Any CPU
		{C9D86D65-5042-4B53-A136-44423B5DD562}.Release|x86.ActiveCfg = Release|Any CPU
		{C9D86D65-5042-4B53-A136-44423B5DD562}.Release|x86.Build.0 = Release|Any CPU
		{BDC06C49-9818-4527-BB88-4529D6F000D3}.Debug|Any CPU.ActiveCfg = Debug|Any CPU
		{BDC06C49-9818-4527-BB88-4529D6F000D3}.Debug|Any CPU.Build.0 = Debug|Any CPU
		{BDC06C49-9818-4527-BB88-4529D6F000D3}.Debug|x64.ActiveCfg = Debug|Any CPU
		{BDC06C49-9818-4527-BB88-4529D6F000D3}.Debug|x64.Build.0 = Debug|Any CPU
		{BDC06C49-9818-4527-BB88-4529D6F000D3}.Debug|x86.ActiveCfg = Debug|Any CPU
		{BDC06C49-9818-4527-BB88-4529D6F000D3}.Debug|x86.Build.0 = Debug|Any CPU
		{BDC06C49-9818-4527-BB88-4529D6F000D3}.Release|Any CPU.ActiveCfg = Release|Any CPU
		{BDC06C49-9818-4527-BB88-4529D6F000D3}.Release|Any CPU.Build.0 = Release|Any CPU
		{BDC06C49-9818-4527-BB88-4529D6F000D3}.Release|x64.ActiveCfg = Release|Any CPU
		{BDC06C49-9818-4527-BB88-4529D6F000D3}.Release|x64.Build.0 = Release|Any CPU
		{BDC06C49-9818-4527-BB88-4529D6F000D3}.Release|x86.ActiveCfg = Release|Any CPU
		{BDC06C49-9818-4527-BB88-4529D6F000D3}.Release|x86.Build.0 = Release|Any CPU
		{9537613C-891B-4351-89C9-0FF9A57ADCFF}.Debug|Any CPU.ActiveCfg = Debug|Any CPU
		{9537613C-891B-4351-89C9-0FF9A57ADCFF}.Debug|Any CPU.Build.0 = Debug|Any CPU
		{9537613C-891B-4351-89C9-0FF9A57ADCFF}.Debug|x64.ActiveCfg = Debug|Any CPU
		{9537613C-891B-4351-89C9-0FF9A57ADCFF}.Debug|x64.Build.0 = Debug|Any CPU
		{9537613C-891B-4351-89C9-0FF9A57ADCFF}.Debug|x86.ActiveCfg = Debug|Any CPU
		{9537613C-891B-4351-89C9-0FF9A57ADCFF}.Debug|x86.Build.0 = Debug|Any CPU
		{9537613C-891B-4351-89C9-0FF9A57ADCFF}.Release|Any CPU.ActiveCfg = Release|Any CPU
		{9537613C-891B-4351-89C9-0FF9A57ADCFF}.Release|Any CPU.Build.0 = Release|Any CPU
		{9537613C-891B-4351-89C9-0FF9A57ADCFF}.Release|x64.ActiveCfg = Release|Any CPU
		{9537613C-891B-4351-89C9-0FF9A57ADCFF}.Release|x64.Build.0 = Release|Any CPU
		{9537613C-891B-4351-89C9-0FF9A57ADCFF}.Release|x86.ActiveCfg = Release|Any CPU
		{9537613C-891B-4351-89C9-0FF9A57ADCFF}.Release|x86.Build.0 = Release|Any CPU
		{9D71CB0D-162A-4408-9EAA-76AEA822595F}.Debug|Any CPU.ActiveCfg = Debug|Any CPU
		{9D71CB0D-162A-4408-9EAA-76AEA822595F}.Debug|Any CPU.Build.0 = Debug|Any CPU
		{9D71CB0D-162A-4408-9EAA-76AEA822595F}.Debug|x64.ActiveCfg = Debug|Any CPU
		{9D71CB0D-162A-4408-9EAA-76AEA822595F}.Debug|x64.Build.0 = Debug|Any CPU
		{9D71CB0D-162A-4408-9EAA-76AEA822595F}.Debug|x86.ActiveCfg = Debug|Any CPU
		{9D71CB0D-162A-4408-9EAA-76AEA822595F}.Debug|x86.Build.0 = Debug|Any CPU
		{9D71CB0D-162A-4408-9EAA-76AEA822595F}.Release|Any CPU.ActiveCfg = Release|Any CPU
		{9D71CB0D-162A-4408-9EAA-76AEA822595F}.Release|Any CPU.Build.0 = Release|Any CPU
		{9D71CB0D-162A-4408-9EAA-76AEA822595F}.Release|x64.ActiveCfg = Release|Any CPU
		{9D71CB0D-162A-4408-9EAA-76AEA822595F}.Release|x64.Build.0 = Release|Any CPU
		{9D71CB0D-162A-4408-9EAA-76AEA822595F}.Release|x86.ActiveCfg = Release|Any CPU
		{9D71CB0D-162A-4408-9EAA-76AEA822595F}.Release|x86.Build.0 = Release|Any CPU
		{F7ACED6B-2BEC-4C68-AE8A-0218AAD57269}.Debug|Any CPU.ActiveCfg = Debug|Any CPU
		{F7ACED6B-2BEC-4C68-AE8A-0218AAD57269}.Debug|Any CPU.Build.0 = Debug|Any CPU
		{F7ACED6B-2BEC-4C68-AE8A-0218AAD57269}.Debug|x64.ActiveCfg = Debug|Any CPU
		{F7ACED6B-2BEC-4C68-AE8A-0218AAD57269}.Debug|x64.Build.0 = Debug|Any CPU
		{F7ACED6B-2BEC-4C68-AE8A-0218AAD57269}.Debug|x86.ActiveCfg = Debug|Any CPU
		{F7ACED6B-2BEC-4C68-AE8A-0218AAD57269}.Debug|x86.Build.0 = Debug|Any CPU
		{F7ACED6B-2BEC-4C68-AE8A-0218AAD57269}.Release|Any CPU.ActiveCfg = Release|Any CPU
		{F7ACED6B-2BEC-4C68-AE8A-0218AAD57269}.Release|Any CPU.Build.0 = Release|Any CPU
		{F7ACED6B-2BEC-4C68-AE8A-0218AAD57269}.Release|x64.ActiveCfg = Release|Any CPU
		{F7ACED6B-2BEC-4C68-AE8A-0218AAD57269}.Release|x64.Build.0 = Release|Any CPU
		{F7ACED6B-2BEC-4C68-AE8A-0218AAD57269}.Release|x86.ActiveCfg = Release|Any CPU
		{F7ACED6B-2BEC-4C68-AE8A-0218AAD57269}.Release|x86.Build.0 = Release|Any CPU
		{E96D255C-156A-4D0C-A20F-558BD72D3FF3}.Debug|Any CPU.ActiveCfg = Debug|Any CPU
		{E96D255C-156A-4D0C-A20F-558BD72D3FF3}.Debug|Any CPU.Build.0 = Debug|Any CPU
		{E96D255C-156A-4D0C-A20F-558BD72D3FF3}.Debug|x64.ActiveCfg = Debug|Any CPU
		{E96D255C-156A-4D0C-A20F-558BD72D3FF3}.Debug|x64.Build.0 = Debug|Any CPU
		{E96D255C-156A-4D0C-A20F-558BD72D3FF3}.Debug|x86.ActiveCfg = Debug|Any CPU
		{E96D255C-156A-4D0C-A20F-558BD72D3FF3}.Debug|x86.Build.0 = Debug|Any CPU
		{E96D255C-156A-4D0C-A20F-558BD72D3FF3}.Release|Any CPU.ActiveCfg = Release|Any CPU
		{E96D255C-156A-4D0C-A20F-558BD72D3FF3}.Release|Any CPU.Build.0 = Release|Any CPU
		{E96D255C-156A-4D0C-A20F-558BD72D3FF3}.Release|x64.ActiveCfg = Release|Any CPU
		{E96D255C-156A-4D0C-A20F-558BD72D3FF3}.Release|x64.Build.0 = Release|Any CPU
		{E96D255C-156A-4D0C-A20F-558BD72D3FF3}.Release|x86.ActiveCfg = Release|Any CPU
		{E96D255C-156A-4D0C-A20F-558BD72D3FF3}.Release|x86.Build.0 = Release|Any CPU
		{B33E253B-10FD-4AE6-90B6-BD3B8544A956}.Debug|Any CPU.ActiveCfg = Debug|Any CPU
		{B33E253B-10FD-4AE6-90B6-BD3B8544A956}.Debug|Any CPU.Build.0 = Debug|Any CPU
		{B33E253B-10FD-4AE6-90B6-BD3B8544A956}.Debug|x64.ActiveCfg = Debug|Any CPU
		{B33E253B-10FD-4AE6-90B6-BD3B8544A956}.Debug|x64.Build.0 = Debug|Any CPU
		{B33E253B-10FD-4AE6-90B6-BD3B8544A956}.Debug|x86.ActiveCfg = Debug|Any CPU
		{B33E253B-10FD-4AE6-90B6-BD3B8544A956}.Debug|x86.Build.0 = Debug|Any CPU
		{B33E253B-10FD-4AE6-90B6-BD3B8544A956}.Release|Any CPU.ActiveCfg = Release|Any CPU
		{B33E253B-10FD-4AE6-90B6-BD3B8544A956}.Release|Any CPU.Build.0 = Release|Any CPU
		{B33E253B-10FD-4AE6-90B6-BD3B8544A956}.Release|x64.ActiveCfg = Release|Any CPU
		{B33E253B-10FD-4AE6-90B6-BD3B8544A956}.Release|x64.Build.0 = Release|Any CPU
		{B33E253B-10FD-4AE6-90B6-BD3B8544A956}.Release|x86.ActiveCfg = Release|Any CPU
		{B33E253B-10FD-4AE6-90B6-BD3B8544A956}.Release|x86.Build.0 = Release|Any CPU
		{8CF9B7F7-D277-4DC5-9E79-62D24D3746B3}.Debug|Any CPU.ActiveCfg = Debug|Any CPU
		{8CF9B7F7-D277-4DC5-9E79-62D24D3746B3}.Debug|Any CPU.Build.0 = Debug|Any CPU
		{8CF9B7F7-D277-4DC5-9E79-62D24D3746B3}.Debug|x64.ActiveCfg = Debug|Any CPU
		{8CF9B7F7-D277-4DC5-9E79-62D24D3746B3}.Debug|x64.Build.0 = Debug|Any CPU
		{8CF9B7F7-D277-4DC5-9E79-62D24D3746B3}.Debug|x86.ActiveCfg = Debug|Any CPU
		{8CF9B7F7-D277-4DC5-9E79-62D24D3746B3}.Debug|x86.Build.0 = Debug|Any CPU
		{8CF9B7F7-D277-4DC5-9E79-62D24D3746B3}.Release|Any CPU.ActiveCfg = Release|Any CPU
		{8CF9B7F7-D277-4DC5-9E79-62D24D3746B3}.Release|Any CPU.Build.0 = Release|Any CPU
		{8CF9B7F7-D277-4DC5-9E79-62D24D3746B3}.Release|x64.ActiveCfg = Release|Any CPU
		{8CF9B7F7-D277-4DC5-9E79-62D24D3746B3}.Release|x64.Build.0 = Release|Any CPU
		{8CF9B7F7-D277-4DC5-9E79-62D24D3746B3}.Release|x86.ActiveCfg = Release|Any CPU
		{8CF9B7F7-D277-4DC5-9E79-62D24D3746B3}.Release|x86.Build.0 = Release|Any CPU
		{F37BB250-620C-48E8-A6BB-C9DA2336744A}.Debug|Any CPU.ActiveCfg = Debug|Any CPU
		{F37BB250-620C-48E8-A6BB-C9DA2336744A}.Debug|Any CPU.Build.0 = Debug|Any CPU
		{F37BB250-620C-48E8-A6BB-C9DA2336744A}.Debug|x64.ActiveCfg = Debug|Any CPU
		{F37BB250-620C-48E8-A6BB-C9DA2336744A}.Debug|x64.Build.0 = Debug|Any CPU
		{F37BB250-620C-48E8-A6BB-C9DA2336744A}.Debug|x86.ActiveCfg = Debug|Any CPU
		{F37BB250-620C-48E8-A6BB-C9DA2336744A}.Debug|x86.Build.0 = Debug|Any CPU
		{F37BB250-620C-48E8-A6BB-C9DA2336744A}.Release|Any CPU.ActiveCfg = Release|Any CPU
		{F37BB250-620C-48E8-A6BB-C9DA2336744A}.Release|Any CPU.Build.0 = Release|Any CPU
		{F37BB250-620C-48E8-A6BB-C9DA2336744A}.Release|x64.ActiveCfg = Release|Any CPU
		{F37BB250-620C-48E8-A6BB-C9DA2336744A}.Release|x64.Build.0 = Release|Any CPU
		{F37BB250-620C-48E8-A6BB-C9DA2336744A}.Release|x86.ActiveCfg = Release|Any CPU
		{F37BB250-620C-48E8-A6BB-C9DA2336744A}.Release|x86.Build.0 = Release|Any CPU
		{59AE8721-442C-4976-8DC0-DE14CDEFE738}.Debug|Any CPU.ActiveCfg = Debug|Any CPU
		{59AE8721-442C-4976-8DC0-DE14CDEFE738}.Debug|Any CPU.Build.0 = Debug|Any CPU
		{59AE8721-442C-4976-8DC0-DE14CDEFE738}.Debug|x64.ActiveCfg = Debug|Any CPU
		{59AE8721-442C-4976-8DC0-DE14CDEFE738}.Debug|x64.Build.0 = Debug|Any CPU
		{59AE8721-442C-4976-8DC0-DE14CDEFE738}.Debug|x86.ActiveCfg = Debug|Any CPU
		{59AE8721-442C-4976-8DC0-DE14CDEFE738}.Debug|x86.Build.0 = Debug|Any CPU
		{59AE8721-442C-4976-8DC0-DE14CDEFE738}.Release|Any CPU.ActiveCfg = Release|Any CPU
		{59AE8721-442C-4976-8DC0-DE14CDEFE738}.Release|Any CPU.Build.0 = Release|Any CPU
		{59AE8721-442C-4976-8DC0-DE14CDEFE738}.Release|x64.ActiveCfg = Release|Any CPU
		{59AE8721-442C-4976-8DC0-DE14CDEFE738}.Release|x64.Build.0 = Release|Any CPU
		{59AE8721-442C-4976-8DC0-DE14CDEFE738}.Release|x86.ActiveCfg = Release|Any CPU
		{59AE8721-442C-4976-8DC0-DE14CDEFE738}.Release|x86.Build.0 = Release|Any CPU
		{AF7D5F93-1CF8-484A-BA78-CE5043122E23}.Debug|Any CPU.ActiveCfg = Debug|Any CPU
		{AF7D5F93-1CF8-484A-BA78-CE5043122E23}.Debug|Any CPU.Build.0 = Debug|Any CPU
		{AF7D5F93-1CF8-484A-BA78-CE5043122E23}.Debug|x64.ActiveCfg = Debug|Any CPU
		{AF7D5F93-1CF8-484A-BA78-CE5043122E23}.Debug|x64.Build.0 = Debug|Any CPU
		{AF7D5F93-1CF8-484A-BA78-CE5043122E23}.Debug|x86.ActiveCfg = Debug|Any CPU
		{AF7D5F93-1CF8-484A-BA78-CE5043122E23}.Debug|x86.Build.0 = Debug|Any CPU
		{AF7D5F93-1CF8-484A-BA78-CE5043122E23}.Release|Any CPU.ActiveCfg = Release|Any CPU
		{AF7D5F93-1CF8-484A-BA78-CE5043122E23}.Release|Any CPU.Build.0 = Release|Any CPU
		{AF7D5F93-1CF8-484A-BA78-CE5043122E23}.Release|x64.ActiveCfg = Release|Any CPU
		{AF7D5F93-1CF8-484A-BA78-CE5043122E23}.Release|x64.Build.0 = Release|Any CPU
		{AF7D5F93-1CF8-484A-BA78-CE5043122E23}.Release|x86.ActiveCfg = Release|Any CPU
		{AF7D5F93-1CF8-484A-BA78-CE5043122E23}.Release|x86.Build.0 = Release|Any CPU
		{56A71D9E-2F68-4B3E-9BC1-E48119657942}.Debug|Any CPU.ActiveCfg = Debug|Any CPU
		{56A71D9E-2F68-4B3E-9BC1-E48119657942}.Debug|Any CPU.Build.0 = Debug|Any CPU
		{56A71D9E-2F68-4B3E-9BC1-E48119657942}.Debug|x64.ActiveCfg = Debug|Any CPU
		{56A71D9E-2F68-4B3E-9BC1-E48119657942}.Debug|x64.Build.0 = Debug|Any CPU
		{56A71D9E-2F68-4B3E-9BC1-E48119657942}.Debug|x86.ActiveCfg = Debug|Any CPU
		{56A71D9E-2F68-4B3E-9BC1-E48119657942}.Debug|x86.Build.0 = Debug|Any CPU
		{56A71D9E-2F68-4B3E-9BC1-E48119657942}.Release|Any CPU.ActiveCfg = Release|Any CPU
		{56A71D9E-2F68-4B3E-9BC1-E48119657942}.Release|Any CPU.Build.0 = Release|Any CPU
		{56A71D9E-2F68-4B3E-9BC1-E48119657942}.Release|x64.ActiveCfg = Release|Any CPU
		{56A71D9E-2F68-4B3E-9BC1-E48119657942}.Release|x64.Build.0 = Release|Any CPU
		{56A71D9E-2F68-4B3E-9BC1-E48119657942}.Release|x86.ActiveCfg = Release|Any CPU
		{56A71D9E-2F68-4B3E-9BC1-E48119657942}.Release|x86.Build.0 = Release|Any CPU
		{2F759A36-E453-4D6E-9088-136800897B3C}.Debug|Any CPU.ActiveCfg = Debug|Any CPU
		{2F759A36-E453-4D6E-9088-136800897B3C}.Debug|Any CPU.Build.0 = Debug|Any CPU
		{2F759A36-E453-4D6E-9088-136800897B3C}.Debug|x64.ActiveCfg = Debug|Any CPU
		{2F759A36-E453-4D6E-9088-136800897B3C}.Debug|x64.Build.0 = Debug|Any CPU
		{2F759A36-E453-4D6E-9088-136800897B3C}.Debug|x86.ActiveCfg = Debug|Any CPU
		{2F759A36-E453-4D6E-9088-136800897B3C}.Debug|x86.Build.0 = Debug|Any CPU
		{2F759A36-E453-4D6E-9088-136800897B3C}.Release|Any CPU.ActiveCfg = Release|Any CPU
		{2F759A36-E453-4D6E-9088-136800897B3C}.Release|Any CPU.Build.0 = Release|Any CPU
		{2F759A36-E453-4D6E-9088-136800897B3C}.Release|x64.ActiveCfg = Release|Any CPU
		{2F759A36-E453-4D6E-9088-136800897B3C}.Release|x64.Build.0 = Release|Any CPU
		{2F759A36-E453-4D6E-9088-136800897B3C}.Release|x86.ActiveCfg = Release|Any CPU
		{2F759A36-E453-4D6E-9088-136800897B3C}.Release|x86.Build.0 = Release|Any CPU
		{3B47F501-A41D-4667-9FF1-4E69B4F9F3DE}.Debug|Any CPU.ActiveCfg = Debug|Any CPU
		{3B47F501-A41D-4667-9FF1-4E69B4F9F3DE}.Debug|Any CPU.Build.0 = Debug|Any CPU
		{3B47F501-A41D-4667-9FF1-4E69B4F9F3DE}.Debug|x64.ActiveCfg = Debug|Any CPU
		{3B47F501-A41D-4667-9FF1-4E69B4F9F3DE}.Debug|x64.Build.0 = Debug|Any CPU
		{3B47F501-A41D-4667-9FF1-4E69B4F9F3DE}.Debug|x86.ActiveCfg = Debug|Any CPU
		{3B47F501-A41D-4667-9FF1-4E69B4F9F3DE}.Debug|x86.Build.0 = Debug|Any CPU
		{3B47F501-A41D-4667-9FF1-4E69B4F9F3DE}.Release|Any CPU.ActiveCfg = Release|Any CPU
		{3B47F501-A41D-4667-9FF1-4E69B4F9F3DE}.Release|Any CPU.Build.0 = Release|Any CPU
		{3B47F501-A41D-4667-9FF1-4E69B4F9F3DE}.Release|x64.ActiveCfg = Release|Any CPU
		{3B47F501-A41D-4667-9FF1-4E69B4F9F3DE}.Release|x64.Build.0 = Release|Any CPU
		{3B47F501-A41D-4667-9FF1-4E69B4F9F3DE}.Release|x86.ActiveCfg = Release|Any CPU
		{3B47F501-A41D-4667-9FF1-4E69B4F9F3DE}.Release|x86.Build.0 = Release|Any CPU
		{DE9384F8-3BFA-402C-9BA9-495523B7758B}.Debug|Any CPU.ActiveCfg = Debug|Any CPU
		{DE9384F8-3BFA-402C-9BA9-495523B7758B}.Debug|Any CPU.Build.0 = Debug|Any CPU
		{DE9384F8-3BFA-402C-9BA9-495523B7758B}.Debug|x64.ActiveCfg = Debug|Any CPU
		{DE9384F8-3BFA-402C-9BA9-495523B7758B}.Debug|x64.Build.0 = Debug|Any CPU
		{DE9384F8-3BFA-402C-9BA9-495523B7758B}.Debug|x86.ActiveCfg = Debug|Any CPU
		{DE9384F8-3BFA-402C-9BA9-495523B7758B}.Debug|x86.Build.0 = Debug|Any CPU
		{DE9384F8-3BFA-402C-9BA9-495523B7758B}.Release|Any CPU.ActiveCfg = Release|Any CPU
		{DE9384F8-3BFA-402C-9BA9-495523B7758B}.Release|Any CPU.Build.0 = Release|Any CPU
		{DE9384F8-3BFA-402C-9BA9-495523B7758B}.Release|x64.ActiveCfg = Release|Any CPU
		{DE9384F8-3BFA-402C-9BA9-495523B7758B}.Release|x64.Build.0 = Release|Any CPU
		{DE9384F8-3BFA-402C-9BA9-495523B7758B}.Release|x86.ActiveCfg = Release|Any CPU
		{DE9384F8-3BFA-402C-9BA9-495523B7758B}.Release|x86.Build.0 = Release|Any CPU
	EndGlobalSection
	GlobalSection(NestedProjects) = preSolution
		{C9D86D65-5042-4B53-A136-44423B5DD562} = {DFAD127F-3562-4335-B371-2E3E5CA03767}
		{BDC06C49-9818-4527-BB88-4529D6F000D3} = {DFAD127F-3562-4335-B371-2E3E5CA03767}
		{9537613C-891B-4351-89C9-0FF9A57ADCFF} = {C8F2A5F7-A320-4A41-822B-FAFE5733ECCA}
		{9D71CB0D-162A-4408-9EAA-76AEA822595F} = {C8F2A5F7-A320-4A41-822B-FAFE5733ECCA}
		{F7ACED6B-2BEC-4C68-AE8A-0218AAD57269} = {DFAD127F-3562-4335-B371-2E3E5CA03767}
		{E96D255C-156A-4D0C-A20F-558BD72D3FF3} = {DFAD127F-3562-4335-B371-2E3E5CA03767}
		{B33E253B-10FD-4AE6-90B6-BD3B8544A956} = {DFAD127F-3562-4335-B371-2E3E5CA03767}
		{8CF9B7F7-D277-4DC5-9E79-62D24D3746B3} = {DFAD127F-3562-4335-B371-2E3E5CA03767}
		{F37BB250-620C-48E8-A6BB-C9DA2336744A} = {DFAD127F-3562-4335-B371-2E3E5CA03767}
		{59AE8721-442C-4976-8DC0-DE14CDEFE738} = {DFAD127F-3562-4335-B371-2E3E5CA03767}
		{56A71D9E-2F68-4B3E-9BC1-E48119657942} = {56B665F5-567E-4B6D-AA9C-7D30A0D7F25B}
		{2F759A36-E453-4D6E-9088-136800897B3C} = {56B665F5-567E-4B6D-AA9C-7D30A0D7F25B}
		{DE9384F8-3BFA-402C-9BA9-495523B7758B} = {DFAD127F-3562-4335-B371-2E3E5CA03767}
	EndGlobalSection
EndGlobal
